
Microsoft Visual Studio Solution File, Format Version 12.00
# Visual Studio 15
VisualStudioVersion = 15.0.27130.2003
MinimumVisualStudioVersion = 10.0.40219.1
Project("{FAE04EC0-301F-11D3-BF4B-00C04F79EFBC}") = "InnerJoinData", "InnerJoinData\InnerJoinData.csproj", "{FBAB2C19-2B11-46BA-A87B-4D79DE6243C6}"
EndProject
Global
	GlobalSection(SolutionConfigurationPlatforms) = preSolution
		Debug|Any CPU = Debug|Any CPU
		Release|Any CPU = Release|Any CPU
	EndGlobalSection
	GlobalSection(ProjectConfigurationPlatforms) = postSolution
		{FBAB2C19-2B11-46BA-A87B-4D79DE6243C6}.Debug|Any CPU.ActiveCfg = Debug|Any CPU
		{FBAB2C19-2B11-46BA-A87B-4D79DE6243C6}.Debug|Any CPU.Build.0 = Debug|Any CPU
		{FBAB2C19-2B11-46BA-A87B-4D79DE6243C6}.Release|Any CPU.ActiveCfg = Release|Any CPU
		{FBAB2C19-2B11-46BA-A87B-4D79DE6243C6}.Release|Any CPU.Build.0 = Release|Any CPU
	EndGlobalSection
	GlobalSection(SolutionProperties) = preSolution
		HideSolutionNode = FALSE
	EndGlobalSection
	GlobalSection(ExtensibilityGlobals) = postSolution
		SolutionGuid = {35FDC650-CC2A-488A-830F-64B0E2DA9023}
	EndGlobalSection
EndGlobal
